
Microsoft Visual Studio Solution File, Format Version 12.00
# Visual Studio Version 17
VisualStudioVersion = 17.1.32319.34
MinimumVisualStudioVersion = 10.0.40219.1
Project("{FAE04EC0-301F-11D3-BF4B-00C04F79EFBC}") = "CoffeeShopWeb", "CoffeeShopWeb\CoffeeShopWeb.csproj", "{BEB57006-44F9-4508-8EE8-E68F3F08F88B}"
EndProject
Global
	GlobalSection(SolutionConfigurationPlatforms) = preSolution
		Debug|Any CPU = Debug|Any CPU
		Release|Any CPU = Release|Any CPU
	EndGlobalSection
	GlobalSection(ProjectConfigurationPlatforms) = postSolution
		{BEB57006-44F9-4508-8EE8-E68F3F08F88B}.Debug|Any CPU.ActiveCfg = Debug|Any CPU
		{BEB57006-44F9-4508-8EE8-E68F3F08F88B}.Debug|Any CPU.Build.0 = Debug|Any CPU
		{BEB57006-44F9-4508-8EE8-E68F3F08F88B}.Release|Any CPU.ActiveCfg = Release|Any CPU
		{BEB57006-44F9-4508-8EE8-E68F3F08F88B}.Release|Any CPU.Build.0 = Release|Any CPU
	EndGlobalSection
	GlobalSection(SolutionProperties) = preSolution
		HideSolutionNode = FALSE
	EndGlobalSection
	GlobalSection(ExtensibilityGlobals) = postSolution
		SolutionGuid = {804F9154-0321-4453-AE4F-2210ECFCCCA6}
	EndGlobalSection
EndGlobal
